// !$*UTF8*$!
{
	archiveVersion = 1;
	classes = {
	};
	objectVersion = 77;
	objects = {

/* Begin PBXContainerItemProxy section */
		30386C162D302EC60048542C /* PBXContainerItemProxy */ = {
			isa = PBXContainerItemProxy;
			containerPortal = 30386BFC2D302EC50048542C /* Project object */;
			proxyType = 1;
			remoteGlobalIDString = 30386C032D302EC50048542C;
			remoteInfo = ModulationPlayground;
		};
		30386C202D302EC60048542C /* PBXContainerItemProxy */ = {
			isa = PBXContainerItemProxy;
			containerPortal = 30386BFC2D302EC50048542C /* Project object */;
			proxyType = 1;
			remoteGlobalIDString = 30386C032D302EC50048542C;
			remoteInfo = ModulationPlayground;
		};
/* End PBXContainerItemProxy section */

/* Begin PBXFileReference section */
		30386C042D302EC50048542C /* ModulationPlayground.app */ = {isa = PBXFileReference; explicitFileType = wrapper.application; includeInIndex = 0; path = ModulationPlayground.app; sourceTree = BUILT_PRODUCTS_DIR; };
		30386C152D302EC60048542C /* ModulationPlaygroundTests.xctest */ = {isa = PBXFileReference; explicitFileType = wrapper.cfbundle; includeInIndex = 0; path = ModulationPlaygroundTests.xctest; sourceTree = BUILT_PRODUCTS_DIR; };
		30386C1F2D302EC60048542C /* ModulationPlaygroundUITests.xctest */ = {isa = PBXFileReference; explicitFileType = wrapper.cfbundle; includeInIndex = 0; path = ModulationPlaygroundUITests.xctest; sourceTree = BUILT_PRODUCTS_DIR; };
/* End PBXFileReference section */

/* Begin PBXFileSystemSynchronizedRootGroup section */
		30386C062D302EC50048542C /* ModulationPlayground */ = {
			isa = PBXFileSystemSynchronizedRootGroup;
			path = ModulationPlayground;
			sourceTree = "<group>";
		};
		30386C182D302EC60048542C /* ModulationPlaygroundTests */ = {
			isa = PBXFileSystemSynchronizedRootGroup;
			path = ModulationPlaygroundTests;
			sourceTree = "<group>";
		};
		30386C222D302EC60048542C /* ModulationPlaygroundUITests */ = {
			isa = PBXFileSystemSynchronizedRootGroup;
			path = ModulationPlaygroundUITests;
			sourceTree = "<group>";
		};
/* End PBXFileSystemSynchronizedRootGroup section */

/* Begin PBXFrameworksBuildPhase section */
		30386C012D302EC50048542C /* Frameworks */ = {
			isa = PBXFrameworksBuildPhase;
			buildActionMask = 2147483647;
			files = (
			);
			runOnlyForDeploymentPostprocessing = 0;
		};
		30386C122D302EC60048542C /* Frameworks */ = {
			isa = PBXFrameworksBuildPhase;
			buildActionMask = 2147483647;
			files = (
			);
			runOnlyForDeploymentPostprocessing = 0;
		};
		30386C1C2D302EC60048542C /* Frameworks */ = {
			isa = PBXFrameworksBuildPhase;
			buildActionMask = 2147483647;
			files = (
			);
			runOnlyForDeploymentPostprocessing = 0;
		};
/* End PBXFrameworksBuildPhase section */

/* Begin PBXGroup section */
		30386BFB2D302EC50048542C = {
			isa = PBXGroup;
			children = (
				30386C062D302EC50048542C /* ModulationPlayground */,
				30386C182D302EC60048542C /* ModulationPlaygroundTests */,
				30386C222D302EC60048542C /* ModulationPlaygroundUITests */,
				30386C052D302EC50048542C /* Products */,
			);
			sourceTree = "<group>";
		};
		30386C052D302EC50048542C /* Products */ = {
			isa = PBXGroup;
			children = (
				30386C042D302EC50048542C /* ModulationPlayground.app */,
				30386C152D302EC60048542C /* ModulationPlaygroundTests.xctest */,
				30386C1F2D302EC60048542C /* ModulationPlaygroundUITests.xctest */,
			);
			name = Products;
			sourceTree = "<group>";
		};
/* End PBXGroup section */

/* Begin PBXNativeTarget section */
		30386C032D302EC50048542C /* ModulationPlayground */ = {
			isa = PBXNativeTarget;
			buildConfigurationList = 30386C292D302EC60048542C /* Build configuration list for PBXNativeTarget "ModulationPlayground" */;
			buildPhases = (
				30386C002D302EC50048542C /* Sources */,
				30386C012D302EC50048542C /* Frameworks */,
				30386C022D302EC50048542C /* Resources */,
			);
			buildRules = (
			);
			dependencies = (
			);
			fileSystemSynchronizedGroups = (
				30386C062D302EC50048542C /* ModulationPlayground */,
			);
			name = ModulationPlayground;
			packageProductDependencies = (
			);
			productName = ModulationPlayground;
			productReference = 30386C042D302EC50048542C /* ModulationPlayground.app */;
			productType = "com.apple.product-type.application";
		};
		30386C142D302EC60048542C /* ModulationPlaygroundTests */ = {
			isa = PBXNativeTarget;
			buildConfigurationList = 30386C2C2D302EC60048542C /* Build configuration list for PBXNativeTarget "ModulationPlaygroundTests" */;
			buildPhases = (
				30386C112D302EC60048542C /* Sources */,
				30386C122D302EC60048542C /* Frameworks */,
				30386C132D302EC60048542C /* Resources */,
			);
			buildRules = (
			);
			dependencies = (
				30386C172D302EC60048542C /* PBXTargetDependency */,
			);
			fileSystemSynchronizedGroups = (
				30386C182D302EC60048542C /* ModulationPlaygroundTests */,
			);
			name = ModulationPlaygroundTests;
			packageProductDependencies = (
			);
			productName = ModulationPlaygroundTests;
			productReference = 30386C152D302EC60048542C /* ModulationPlaygroundTests.xctest */;
			productType = "com.apple.product-type.bundle.unit-test";
		};
		30386C1E2D302EC60048542C /* ModulationPlaygroundUITests */ = {
			isa = PBXNativeTarget;
			buildConfigurationList = 30386C2F2D302EC60048542C /* Build configuration list for PBXNativeTarget "ModulationPlaygroundUITests" */;
			buildPhases = (
				30386C1B2D302EC60048542C /* Sources */,
				30386C1C2D302EC60048542C /* Frameworks */,
				30386C1D2D302EC60048542C /* Resources */,
			);
			buildRules = (
			);
			dependencies = (
				30386C212D302EC60048542C /* PBXTargetDependency */,
			);
			fileSystemSynchronizedGroups = (
				30386C222D302EC60048542C /* ModulationPlaygroundUITests */,
			);
			name = ModulationPlaygroundUITests;
			packageProductDependencies = (
			);
			productName = ModulationPlaygroundUITests;
			productReference = 30386C1F2D302EC60048542C /* ModulationPlaygroundUITests.xctest */;
			productType = "com.apple.product-type.bundle.ui-testing";
		};
/* End PBXNativeTarget section */

/* Begin PBXProject section */
		30386BFC2D302EC50048542C /* Project object */ = {
			isa = PBXProject;
			attributes = {
				BuildIndependentTargetsInParallel = 1;
				LastSwiftUpdateCheck = 1620;
				LastUpgradeCheck = 1620;
				TargetAttributes = {
					30386C032D302EC50048542C = {
						CreatedOnToolsVersion = 16.2;
					};
					30386C142D302EC60048542C = {
						CreatedOnToolsVersion = 16.2;
						TestTargetID = 30386C032D302EC50048542C;
					};
					30386C1E2D302EC60048542C = {
						CreatedOnToolsVersion = 16.2;
						TestTargetID = 30386C032D302EC50048542C;
					};
				};
			};
			buildConfigurationList = 30386BFF2D302EC50048542C /* Build configuration list for PBXProject "ModulationPlayground" */;
			developmentRegion = en;
			hasScannedForEncodings = 0;
			knownRegions = (
				en,
				Base,
			);
			mainGroup = 30386BFB2D302EC50048542C;
			minimizedProjectReferenceProxies = 1;
			preferredProjectObjectVersion = 77;
			productRefGroup = 30386C052D302EC50048542C /* Products */;
			projectDirPath = "";
			projectRoot = "";
			targets = (
				30386C032D302EC50048542C /* ModulationPlayground */,
				30386C142D302EC60048542C /* ModulationPlaygroundTests */,
				30386C1E2D302EC60048542C /* ModulationPlaygroundUITests */,
			);
		};
/* End PBXProject section */

/* Begin PBXResourcesBuildPhase section */
		30386C022D302EC50048542C /* Resources */ = {
			isa = PBXResourcesBuildPhase;
			buildActionMask = 2147483647;
			files = (
			);
			runOnlyForDeploymentPostprocessing = 0;
		};
		30386C132D302EC60048542C /* Resources */ = {
			isa = PBXResourcesBuildPhase;
			buildActionMask = 2147483647;
			files = (
			);
			runOnlyForDeploymentPostprocessing = 0;
		};
		30386C1D2D302EC60048542C /* Resources */ = {
			isa = PBXResourcesBuildPhase;
			buildActionMask = 2147483647;
			files = (
			);
			runOnlyForDeploymentPostprocessing = 0;
		};
/* End PBXResourcesBuildPhase section */

/* Begin PBXSourcesBuildPhase section */
		30386C002D302EC50048542C /* Sources */ = {
			isa = PBXSourcesBuildPhase;
			buildActionMask = 2147483647;
			files = (
			);
			runOnlyForDeploymentPostprocessing = 0;
		};
		30386C112D302EC60048542C /* Sources */ = {
			isa = PBXSourcesBuildPhase;
			buildActionMask = 2147483647;
			files = (
			);
			runOnlyForDeploymentPostprocessing = 0;
		};
		30386C1B2D302EC60048542C /* Sources */ = {
			isa = PBXSourcesBuildPhase;
			buildActionMask = 2147483647;
			files = (
			);
			runOnlyForDeploymentPostprocessing = 0;
		};
/* End PBXSourcesBuildPhase section */

/* Begin PBXTargetDependency section */
		30386C172D302EC60048542C /* PBXTargetDependency */ = {
			isa = PBXTargetDependency;
			target = 30386C032D302EC50048542C /* ModulationPlayground */;
			targetProxy = 30386C162D302EC60048542C /* PBXContainerItemProxy */;
		};
		30386C212D302EC60048542C /* PBXTargetDependency */ = {
			isa = PBXTargetDependency;
			target = 30386C032D302EC50048542C /* ModulationPlayground */;
			targetProxy = 30386C202D302EC60048542C /* PBXContainerItemProxy */;
		};
/* End PBXTargetDependency section */

/* Begin XCBuildConfiguration section */
		30386C272D302EC60048542C /* Debug */ = {
			isa = XCBuildConfiguration;
			buildSettings = {
				ALWAYS_SEARCH_USER_PATHS = NO;
				ASSETCATALOG_COMPILER_GENERATE_SWIFT_ASSET_SYMBOL_EXTENSIONS = YES;
				CLANG_ANALYZER_NONNULL = YES;
				CLANG_ANALYZER_NUMBER_OBJECT_CONVERSION = YES_AGGRESSIVE;
				CLANG_CXX_LANGUAGE_STANDARD = "gnu++20";
				CLANG_ENABLE_MODULES = YES;
				CLANG_ENABLE_OBJC_ARC = YES;
				CLANG_ENABLE_OBJC_WEAK = YES;
				CLANG_WARN_BLOCK_CAPTURE_AUTORELEASING = YES;
				CLANG_WARN_BOOL_CONVERSION = YES;
				CLANG_WARN_COMMA = YES;
				CLANG_WARN_CONSTANT_CONVERSION = YES;
				CLANG_WARN_DEPRECATED_OBJC_IMPLEMENTATIONS = YES;
				CLANG_WARN_DIRECT_OBJC_ISA_USAGE = YES_ERROR;
				CLANG_WARN_DOCUMENTATION_COMMENTS = YES;
				CLANG_WARN_EMPTY_BODY = YES;
				CLANG_WARN_ENUM_CONVERSION = YES;
				CLANG_WARN_INFINITE_RECURSION = YES;
				CLANG_WARN_INT_CONVERSION = YES;
				CLANG_WARN_NON_LITERAL_NULL_CONVERSION = YES;
				CLANG_WARN_OBJC_IMPLICIT_RETAIN_SELF = YES;
				CLANG_WARN_OBJC_LITERAL_CONVERSION = YES;
				CLANG_WARN_OBJC_ROOT_CLASS = YES_ERROR;
				CLANG_WARN_QUOTED_INCLUDE_IN_FRAMEWORK_HEADER = YES;
				CLANG_WARN_RANGE_LOOP_ANALYSIS = YES;
				CLANG_WARN_STRICT_PROTOTYPES = YES;
				CLANG_WARN_SUSPICIOUS_MOVE = YES;
				CLANG_WARN_UNGUARDED_AVAILABILITY = YES_AGGRESSIVE;
				CLANG_WARN_UNREACHABLE_CODE = YES;
				CLANG_WARN__DUPLICATE_METHOD_MATCH = YES;
				COPY_PHASE_STRIP = NO;
				DEBUG_INFORMATION_FORMAT = dwarf;
				ENABLE_STRICT_OBJC_MSGSEND = YES;
				ENABLE_TESTABILITY = YES;
				ENABLE_USER_SCRIPT_SANDBOXING = YES;
				GCC_C_LANGUAGE_STANDARD = gnu17;
				GCC_DYNAMIC_NO_PIC = NO;
				GCC_NO_COMMON_BLOCKS = YES;
				GCC_OPTIMIZATION_LEVEL = 0;
				GCC_PREPROCESSOR_DEFINITIONS = (
					"DEBUG=1",
					"$(inherited)",
				);
				GCC_WARN_64_TO_32_BIT_CONVERSION = YES;
				GCC_WARN_ABOUT_RETURN_TYPE = YES_ERROR;
				GCC_WARN_UNDECLARED_SELECTOR = YES;
				GCC_WARN_UNINITIALIZED_AUTOS = YES_AGGRESSIVE;
				GCC_WARN_UNUSED_FUNCTION = YES;
				GCC_WARN_UNUSED_VARIABLE = YES;
				LOCALIZATION_PREFERS_STRING_CATALOGS = YES;
				MACOSX_DEPLOYMENT_TARGET = 15.1;
				MTL_ENABLE_DEBUG_INFO = INCLUDE_SOURCE;
				MTL_FAST_MATH = YES;
				ONLY_ACTIVE_ARCH = YES;
				SDKROOT = macosx;
				SWIFT_ACTIVE_COMPILATION_CONDITIONS = "DEBUG $(inherited)";
				SWIFT_OPTIMIZATION_LEVEL = "-Onone";
			};
			name = Debug;
		};
		30386C282D302EC60048542C /* Release */ = {
			isa = XCBuildConfiguration;
			buildSettings = {
				ALWAYS_SEARCH_USER_PATHS = NO;
				ASSETCATALOG_COMPILER_GENERATE_SWIFT_ASSET_SYMBOL_EXTENSIONS = YES;
				CLANG_ANALYZER_NONNULL = YES;
				CLANG_ANALYZER_NUMBER_OBJECT_CONVERSION = YES_AGGRESSIVE;
				CLANG_CXX_LANGUAGE_STANDARD = "gnu++20";
				CLANG_ENABLE_MODULES = YES;
				CLANG_ENABLE_OBJC_ARC = YES;
				CLANG_ENABLE_OBJC_WEAK = YES;
				CLANG_WARN_BLOCK_CAPTURE_AUTORELEASING = YES;
				CLANG_WARN_BOOL_CONVERSION = YES;
				CLANG_WARN_COMMA = YES;
				CLANG_WARN_CONSTANT_CONVERSION = YES;
				CLANG_WARN_DEPRECATED_OBJC_IMPLEMENTATIONS = YES;
				CLANG_WARN_DIRECT_OBJC_ISA_USAGE = YES_ERROR;
				CLANG_WARN_DOCUMENTATION_COMMENTS = YES;
				CLANG_WARN_EMPTY_BODY = YES;
				CLANG_WARN_ENUM_CONVERSION = YES;
				CLANG_WARN_INFINITE_RECURSION = YES;
				CLANG_WARN_INT_CONVERSION = YES;
				CLANG_WARN_NON_LITERAL_NULL_CONVERSION = YES;
				CLANG_WARN_OBJC_IMPLICIT_RETAIN_SELF = YES;
				CLANG_WARN_OBJC_LITERAL_CONVERSION = YES;
				CLANG_WARN_OBJC_ROOT_CLASS = YES_ERROR;
				CLANG_WARN_QUOTED_INCLUDE_IN_FRAMEWORK_HEADER = YES;
				CLANG_WARN_RANGE_LOOP_ANALYSIS = YES;
				CLANG_WARN_STRICT_PROTOTYPES = YES;
				CLANG_WARN_SUSPICIOUS_MOVE = YES;
				CLANG_WARN_UNGUARDED_AVAILABILITY = YES_AGGRESSIVE;
				CLANG_WARN_UNREACHABLE_CODE = YES;
				CLANG_WARN__DUPLICATE_METHOD_MATCH = YES;
				COPY_PHASE_STRIP = NO;
				DEBUG_INFORMATION_FORMAT = "dwarf-with-dsym";
				ENABLE_NS_ASSERTIONS = NO;
				ENABLE_STRICT_OBJC_MSGSEND = YES;
				ENABLE_USER_SCRIPT_SANDBOXING = YES;
				GCC_C_LANGUAGE_STANDARD = gnu17;
				GCC_NO_COMMON_BLOCKS = YES;
				GCC_WARN_64_TO_32_BIT_CONVERSION = YES;
				GCC_WARN_ABOUT_RETURN_TYPE = YES_ERROR;
				GCC_WARN_UNDECLARED_SELECTOR = YES;
				GCC_WARN_UNINITIALIZED_AUTOS = YES_AGGRESSIVE;
				GCC_WARN_UNUSED_FUNCTION = YES;
				GCC_WARN_UNUSED_VARIABLE = YES;
				LOCALIZATION_PREFERS_STRING_CATALOGS = YES;
				MACOSX_DEPLOYMENT_TARGET = 15.1;
				MTL_ENABLE_DEBUG_INFO = NO;
				MTL_FAST_MATH = YES;
				SDKROOT = macosx;
				SWIFT_COMPILATION_MODE = wholemodule;
			};
			name = Release;
		};
		30386C2A2D302EC60048542C /* Debug */ = {
			isa = XCBuildConfiguration;
			buildSettings = {
				ASSETCATALOG_COMPILER_APPICON_NAME = AppIcon;
				ASSETCATALOG_COMPILER_GLOBAL_ACCENT_COLOR_NAME = AccentColor;
				CODE_SIGN_ENTITLEMENTS = ModulationPlayground/ModulationPlayground.entitlements;
				CODE_SIGN_STYLE = Automatic;
				COMBINE_HIDPI_IMAGES = YES;
				CURRENT_PROJECT_VERSION = 1;
				DEVELOPMENT_ASSET_PATHS = "\"ModulationPlayground/Preview Content\"";
				ENABLE_PREVIEWS = YES;
				GENERATE_INFOPLIST_FILE = YES;
				INFOPLIST_KEY_NSHumanReadableCopyright = "";
				LD_RUNPATH_SEARCH_PATHS = (
					"$(inherited)",
					"@executable_path/../Frameworks",
				);
				MARKETING_VERSION = 1.0;
				PRODUCT_BUNDLE_IDENTIFIER = eu.ezytarget.ModulationPlayground;
				PRODUCT_NAME = "$(TARGET_NAME)";
				SWIFT_EMIT_LOC_STRINGS = YES;
				SWIFT_VERSION = 5.0;
			};
			name = Debug;
		};
		30386C2B2D302EC60048542C /* Release */ = {
			isa = XCBuildConfiguration;
			buildSettings = {
				ASSETCATALOG_COMPILER_APPICON_NAME = AppIcon;
				ASSETCATALOG_COMPILER_GLOBAL_ACCENT_COLOR_NAME = AccentColor;
				CODE_SIGN_ENTITLEMENTS = ModulationPlayground/ModulationPlayground.entitlements;
				CODE_SIGN_STYLE = Automatic;
				COMBINE_HIDPI_IMAGES = YES;
				CURRENT_PROJECT_VERSION = 1;
				DEVELOPMENT_ASSET_PATHS = "\"ModulationPlayground/Preview Content\"";
				ENABLE_PREVIEWS = YES;
				GENERATE_INFOPLIST_FILE = YES;
				INFOPLIST_KEY_NSHumanReadableCopyright = "";
				LD_RUNPATH_SEARCH_PATHS = (
					"$(inherited)",
					"@executable_path/../Frameworks",
				);
				MARKETING_VERSION = 1.0;
				PRODUCT_BUNDLE_IDENTIFIER = eu.ezytarget.ModulationPlayground;
				PRODUCT_NAME = "$(TARGET_NAME)";
				SWIFT_EMIT_LOC_STRINGS = YES;
				SWIFT_VERSION = 5.0;
			};
			name = Release;
		};
		30386C2D2D302EC60048542C /* Debug */ = {
			isa = XCBuildConfiguration;
			buildSettings = {
				BUNDLE_LOADER = "$(TEST_HOST)";
				CODE_SIGN_STYLE = Automatic;
				CURRENT_PROJECT_VERSION = 1;
				GENERATE_INFOPLIST_FILE = YES;
				MACOSX_DEPLOYMENT_TARGET = 15.1;
				MARKETING_VERSION = 1.0;
				PRODUCT_BUNDLE_IDENTIFIER = eu.ezytarget.ModulationPlaygroundTests;
				PRODUCT_NAME = "$(TARGET_NAME)";
				SWIFT_EMIT_LOC_STRINGS = NO;
				SWIFT_VERSION = 5.0;
				TEST_HOST = "$(BUILT_PRODUCTS_DIR)/ModulationPlayground.app/$(BUNDLE_EXECUTABLE_FOLDER_PATH)/ModulationPlayground";
			};
			name = Debug;
		};
		30386C2E2D302EC60048542C /* Release */ = {
			isa = XCBuildConfiguration;
			buildSettings = {
				BUNDLE_LOADER = "$(TEST_HOST)";
				CODE_SIGN_STYLE = Automatic;
				CURRENT_PROJECT_VERSION = 1;
				GENERATE_INFOPLIST_FILE = YES;
				MACOSX_DEPLOYMENT_TARGET = 15.1;
				MARKETING_VERSION = 1.0;
				PRODUCT_BUNDLE_IDENTIFIER = eu.ezytarget.ModulationPlaygroundTests;
				PRODUCT_NAME = "$(TARGET_NAME)";
				SWIFT_EMIT_LOC_STRINGS = NO;
				SWIFT_VERSION = 5.0;
				TEST_HOST = "$(BUILT_PRODUCTS_DIR)/ModulationPlayground.app/$(BUNDLE_EXECUTABLE_FOLDER_PATH)/ModulationPlayground";
			};
			name = Release;
		};
		30386C302D302EC60048542C /* Debug */ = {
			isa = XCBuildConfiguration;
			buildSettings = {
				CODE_SIGN_STYLE = Automatic;
				CURRENT_PROJECT_VERSION = 1;
				GENERATE_INFOPLIST_FILE = YES;
				MARKETING_VERSION = 1.0;
				PRODUCT_BUNDLE_IDENTIFIER = eu.ezytarget.ModulationPlaygroundUITests;
				PRODUCT_NAME = "$(TARGET_NAME)";
				SWIFT_EMIT_LOC_STRINGS = NO;
				SWIFT_VERSION = 5.0;
				TEST_TARGET_NAME = ModulationPlayground;
			};
			name = Debug;
		};
		30386C312D302EC60048542C /* Release */ = {
			isa = XCBuildConfiguration;
			buildSettings = {
				CODE_SIGN_STYLE = Automatic;
				CURRENT_PROJECT_VERSION = 1;
				GENERATE_INFOPLIST_FILE = YES;
				MARKETING_VERSION = 1.0;
				PRODUCT_BUNDLE_IDENTIFIER = eu.ezytarget.ModulationPlaygroundUITests;
				PRODUCT_NAME = "$(TARGET_NAME)";
				SWIFT_EMIT_LOC_STRINGS = NO;
				SWIFT_VERSION = 5.0;
				TEST_TARGET_NAME = ModulationPlayground;
			};
			name = Release;
		};
/* End XCBuildConfiguration section */

/* Begin XCConfigurationList section */
		30386BFF2D302EC50048542C /* Build configuration list for PBXProject "ModulationPlayground" */ = {
			isa = XCConfigurationList;
			buildConfigurations = (
				30386C272D302EC60048542C /* Debug */,
				30386C282D302EC60048542C /* Release */,
			);
			defaultConfigurationIsVisible = 0;
			defaultConfigurationName = Release;
		};
		30386C292D302EC60048542C /* Build configuration list for PBXNativeTarget "ModulationPlayground" */ = {
			isa = XCConfigurationList;
			buildConfigurations = (
				30386C2A2D302EC60048542C /* Debug */,
				30386C2B2D302EC60048542C /* Release */,
			);
			defaultConfigurationIsVisible = 0;
			defaultConfigurationName = Release;
		};
		30386C2C2D302EC60048542C /* Build configuration list for PBXNativeTarget "ModulationPlaygroundTests" */ = {
			isa = XCConfigurationList;
			buildConfigurations = (
				30386C2D2D302EC60048542C /* Debug */,
				30386C2E2D302EC60048542C /* Release */,
			);
			defaultConfigurationIsVisible = 0;
			defaultConfigurationName = Release;
		};
		30386C2F2D302EC60048542C /* Build configuration list for PBXNativeTarget "ModulationPlaygroundUITests" */ = {
			isa = XCConfigurationList;
			buildConfigurations = (
				30386C302D302EC60048542C /* Debug */,
				30386C312D302EC60048542C /* Release */,
			);
			defaultConfigurationIsVisible = 0;
			defaultConfigurationName = Release;
		};
/* End XCConfigurationList section */
	};
	rootObject = 30386BFC2D302EC50048542C /* Project object */;
}
